// !$*UTF8*$!
{
	archiveVersion = 1;
	classes = {
	};
	objectVersion = 55;
	objects = {

/* Begin PBXBuildFile section */
		FD4CCA032A30483800CA7581 /* AppDelegate.swift in Sources */ = {isa = PBXBuildFile; fileRef = FD4CCA022A30483800CA7581 /* AppDelegate.swift */; };
		FD4CCA052A30483800CA7581 /* SceneDelegate.swift in Sources */ = {isa = PBXBuildFile; fileRef = FD4CCA042A30483800CA7581 /* SceneDelegate.swift */; };
		FD4CCA072A30483800CA7581 /* ViewController.swift in Sources */ = {isa = PBXBuildFile; fileRef = FD4CCA062A30483800CA7581 /* ViewController.swift */; };
		FD4CCA0A2A30483800CA7581 /* Main.storyboard in Resources */ = {isa = PBXBuildFile; fileRef = FD4CCA082A30483800CA7581 /* Main.storyboard */; };
		FD4CCA0D2A30483800CA7581 /* Coinage.xcdatamodeld in Sources */ = {isa = PBXBuildFile; fileRef = FD4CCA0B2A30483800CA7581 /* Coinage.xcdatamodeld */; };
		FD4CCA0F2A30483900CA7581 /* Assets.xcassets in Resources */ = {isa = PBXBuildFile; fileRef = FD4CCA0E2A30483900CA7581 /* Assets.xcassets */; };
		FD4CCA122A30483900CA7581 /* LaunchScreen.storyboard in Resources */ = {isa = PBXBuildFile; fileRef = FD4CCA102A30483900CA7581 /* LaunchScreen.storyboard */; };
		FD5E445E2A30964D00B588EB /* Dummyfile.swift in Sources */ = {isa = PBXBuildFile; fileRef = FD5E445D2A30964D00B588EB /* Dummyfile.swift */; };
/* End PBXBuildFile section */

/* Begin PBXFileReference section */
		FD4CC9FF2A30483800CA7581 /* Coinage.app */ = {isa = PBXFileReference; explicitFileType = wrapper.application; includeInIndex = 0; path = Coinage.app; sourceTree = BUILT_PRODUCTS_DIR; };
		FD4CCA022A30483800CA7581 /* AppDelegate.swift */ = {isa = PBXFileReference; lastKnownFileType = sourcecode.swift; path = AppDelegate.swift; sourceTree = "<group>"; };
		FD4CCA042A30483800CA7581 /* SceneDelegate.swift */ = {isa = PBXFileReference; lastKnownFileType = sourcecode.swift; path = SceneDelegate.swift; sourceTree = "<group>"; };
		FD4CCA062A30483800CA7581 /* ViewController.swift */ = {isa = PBXFileReference; lastKnownFileType = sourcecode.swift; path = ViewController.swift; sourceTree = "<group>"; };
		FD4CCA092A30483800CA7581 /* Base */ = {isa = PBXFileReference; lastKnownFileType = file.storyboard; name = Base; path = Base.lproj/Main.storyboard; sourceTree = "<group>"; };
		FD4CCA0C2A30483800CA7581 /* Coinage.xcdatamodel */ = {isa = PBXFileReference; lastKnownFileType = wrapper.xcdatamodel; path = Coinage.xcdatamodel; sourceTree = "<group>"; };
		FD4CCA0E2A30483900CA7581 /* Assets.xcassets */ = {isa = PBXFileReference; lastKnownFileType = folder.assetcatalog; path = Assets.xcassets; sourceTree = "<group>"; };
		FD4CCA112A30483900CA7581 /* Base */ = {isa = PBXFileReference; lastKnownFileType = file.storyboard; name = Base; path = Base.lproj/LaunchScreen.storyboard; sourceTree = "<group>"; };
		FD4CCA132A30483900CA7581 /* Info.plist */ = {isa = PBXFileReference; lastKnownFileType = text.plist.xml; path = Info.plist; sourceTree = "<group>"; };
		FD5E445D2A30964D00B588EB /* Dummyfile.swift */ = {isa = PBXFileReference; lastKnownFileType = sourcecode.swift; path = Dummyfile.swift; sourceTree = "<group>"; };
/* End PBXFileReference section */

/* Begin PBXFrameworksBuildPhase section */
		FD4CC9FC2A30483800CA7581 /* Frameworks */ = {
			isa = PBXFrameworksBuildPhase;
			buildActionMask = 2147483647;
			files = (
			);
			runOnlyForDeploymentPostprocessing = 0;
		};
/* End PBXFrameworksBuildPhase section */

/* Begin PBXGroup section */
		FD4CC9F62A30483800CA7581 = {
			isa = PBXGroup;
			children = (
				FD4CCA012A30483800CA7581 /* Coinage */,
				FD4CCA002A30483800CA7581 /* Products */,
			);
			sourceTree = "<group>";
		};
		FD4CCA002A30483800CA7581 /* Products */ = {
			isa = PBXGroup;
			children = (
				FD4CC9FF2A30483800CA7581 /* Coinage.app */,
			);
			name = Products;
			sourceTree = "<group>";
		};
		FD4CCA012A30483800CA7581 /* Coinage */ = {
			isa = PBXGroup;
			children = (
				FD4CCA022A30483800CA7581 /* AppDelegate.swift */,
				FD4CCA042A30483800CA7581 /* SceneDelegate.swift */,
				FD4CCA062A30483800CA7581 /* ViewController.swift */,
				FD4CCA082A30483800CA7581 /* Main.storyboard */,
				FD4CCA0E2A30483900CA7581 /* Assets.xcassets */,
				FD4CCA102A30483900CA7581 /* LaunchScreen.storyboard */,
				FD4CCA132A30483900CA7581 /* Info.plist */,
				FD4CCA0B2A30483800CA7581 /* Coinage.xcdatamodeld */,
				FD5E445D2A30964D00B588EB /* Dummyfile.swift */,
			);
			path = Coinage;
			sourceTree = "<group>";
		};
/* End PBXGroup section */

/* Begin PBXNativeTarget section */
		FD4CC9FE2A30483800CA7581 /* Coinage */ = {
			isa = PBXNativeTarget;
			buildConfigurationList = FD4CCA162A30483900CA7581 /* Build configuration list for PBXNativeTarget "Coinage" */;
			buildPhases = (
				FD4CC9FB2A30483800CA7581 /* Sources */,
				FD4CC9FC2A30483800CA7581 /* Frameworks */,
				FD4CC9FD2A30483800CA7581 /* Resources */,
			);
			buildRules = (
			);
			dependencies = (
			);
			name = Coinage;
			productName = Coinage;
			productReference = FD4CC9FF2A30483800CA7581 /* Coinage.app */;
			productType = "com.apple.product-type.application";
		};
/* End PBXNativeTarget section */

/* Begin PBXProject section */
		FD4CC9F72A30483800CA7581 /* Project object */ = {
			isa = PBXProject;
			attributes = {
				BuildIndependentTargetsInParallel = 1;
				LastSwiftUpdateCheck = 1340;
				LastUpgradeCheck = 1340;
				TargetAttributes = {
					FD4CC9FE2A30483800CA7581 = {
						CreatedOnToolsVersion = 13.4.1;
					};
				};
			};
			buildConfigurationList = FD4CC9FA2A30483800CA7581 /* Build configuration list for PBXProject "Coinage" */;
			compatibilityVersion = "Xcode 13.0";
			developmentRegion = en;
			hasScannedForEncodings = 0;
			knownRegions = (
				en,
				Base,
			);
			mainGroup = FD4CC9F62A30483800CA7581;
			productRefGroup = FD4CCA002A30483800CA7581 /* Products */;
			projectDirPath = "";
			projectRoot = "";
			targets = (
				FD4CC9FE2A30483800CA7581 /* Coinage */,
			);
		};
/* End PBXProject section */

/* Begin PBXResourcesBuildPhase section */
		FD4CC9FD2A30483800CA7581 /* Resources */ = {
			isa = PBXResourcesBuildPhase;
			buildActionMask = 2147483647;
			files = (
				FD4CCA122A30483900CA7581 /* LaunchScreen.storyboard in Resources */,
				FD4CCA0F2A30483900CA7581 /* Assets.xcassets in Resources */,
				FD4CCA0A2A30483800CA7581 /* Main.storyboard in Resources */,
			);
			runOnlyForDeploymentPostprocessing = 0;
		};
/* End PBXResourcesBuildPhase section */

/* Begin PBXSourcesBuildPhase section */
		FD4CC9FB2A30483800CA7581 /* Sources */ = {
			isa = PBXSourcesBuildPhase;
			buildActionMask = 2147483647;
			files = (
				FD4CCA072A30483800CA7581 /* ViewController.swift in Sources */,
				FD5E445E2A30964D00B588EB /* Dummyfile.swift in Sources */,
				FD4CCA032A30483800CA7581 /* AppDelegate.swift in Sources */,
				FD4CCA0D2A30483800CA7581 /* Coinage.xcdatamodeld in Sources */,
				FD4CCA052A30483800CA7581 /* SceneDelegate.swift in Sources */,
			);
			runOnlyForDeploymentPostprocessing = 0;
		};
/* End PBXSourcesBuildPhase section */

/* Begin PBXVariantGroup section */
		FD4CCA082A30483800CA7581 /* Main.storyboard */ = {
			isa = PBXVariantGroup;
			children = (
				FD4CCA092A30483800CA7581 /* Base */,
			);
			name = Main.storyboard;
			sourceTree = "<group>";
		};
		FD4CCA102A30483900CA7581 /* LaunchScreen.storyboard */ = {
			isa = PBXVariantGroup;
			children = (
				FD4CCA112A30483900CA7581 /* Base */,
			);
			name = LaunchScreen.storyboard;
			sourceTree = "<group>";
		};
/* End PBXVariantGroup section */

/* Begin XCBuildConfiguration section */
		FD4CCA142A30483900CA7581 /* Debug */ = {
			isa = XCBuildConfiguration;
			buildSettings = {
				ALWAYS_SEARCH_USER_PATHS = NO;
				CLANG_ANALYZER_NONNULL = YES;
				CLANG_ANALYZER_NUMBER_OBJECT_CONVERSION = YES_AGGRESSIVE;
				CLANG_CXX_LANGUAGE_STANDARD = "gnu++17";
				CLANG_ENABLE_MODULES = YES;
				CLANG_ENABLE_OBJC_ARC = YES;
				CLANG_ENABLE_OBJC_WEAK = YES;
				CLANG_WARN_BLOCK_CAPTURE_AUTORELEASING = YES;
				CLANG_WARN_BOOL_CONVERSION = YES;
				CLANG_WARN_COMMA = YES;
				CLANG_WARN_CONSTANT_CONVERSION = YES;
				CLANG_WARN_DEPRECATED_OBJC_IMPLEMENTATIONS = YES;
				CLANG_WARN_DIRECT_OBJC_ISA_USAGE = YES_ERROR;
				CLANG_WARN_DOCUMENTATION_COMMENTS = YES;
				CLANG_WARN_EMPTY_BODY = YES;
				CLANG_WARN_ENUM_CONVERSION = YES;
				CLANG_WARN_INFINITE_RECURSION = YES;
				CLANG_WARN_INT_CONVERSION = YES;
				CLANG_WARN_NON_LITERAL_NULL_CONVERSION = YES;
				CLANG_WARN_OBJC_IMPLICIT_RETAIN_SELF = YES;
				CLANG_WARN_OBJC_LITERAL_CONVERSION = YES;
				CLANG_WARN_OBJC_ROOT_CLASS = YES_ERROR;
				CLANG_WARN_QUOTED_INCLUDE_IN_FRAMEWORK_HEADER = YES;
				CLANG_WARN_RANGE_LOOP_ANALYSIS = YES;
				CLANG_WARN_STRICT_PROTOTYPES = YES;
				CLANG_WARN_SUSPICIOUS_MOVE = YES;
				CLANG_WARN_UNGUARDED_AVAILABILITY = YES_AGGRESSIVE;
				CLANG_WARN_UNREACHABLE_CODE = YES;
				CLANG_WARN__DUPLICATE_METHOD_MATCH = YES;
				COPY_PHASE_STRIP = NO;
				DEBUG_INFORMATION_FORMAT = dwarf;
				ENABLE_STRICT_OBJC_MSGSEND = YES;
				ENABLE_TESTABILITY = YES;
				GCC_C_LANGUAGE_STANDARD = gnu11;
				GCC_DYNAMIC_NO_PIC = NO;
				GCC_NO_COMMON_BLOCKS = YES;
				GCC_OPTIMIZATION_LEVEL = 0;
				GCC_PREPROCESSOR_DEFINITIONS = (
					"DEBUG=1",
					"$(inherited)",
				);
				GCC_WARN_64_TO_32_BIT_CONVERSION = YES;
				GCC_WARN_ABOUT_RETURN_TYPE = YES_ERROR;
				GCC_WARN_UNDECLARED_SELECTOR = YES;
				GCC_WARN_UNINITIALIZED_AUTOS = YES_AGGRESSIVE;
				GCC_WARN_UNUSED_FUNCTION = YES;
				GCC_WARN_UNUSED_VARIABLE = YES;
				IPHONEOS_DEPLOYMENT_TARGET = 15.5;
				MTL_ENABLE_DEBUG_INFO = INCLUDE_SOURCE;
				MTL_FAST_MATH = YES;
				ONLY_ACTIVE_ARCH = YES;
				SDKROOT = iphoneos;
				SWIFT_ACTIVE_COMPILATION_CONDITIONS = DEBUG;
				SWIFT_OPTIMIZATION_LEVEL = "-Onone";
			};
			name = Debug;
		};
		FD4CCA152A30483900CA7581 /* Release */ = {
			isa = XCBuildConfiguration;
			buildSettings = {
				ALWAYS_SEARCH_USER_PATHS = NO;
				CLANG_ANALYZER_NONNULL = YES;
				CLANG_ANALYZER_NUMBER_OBJECT_CONVERSION = YES_AGGRESSIVE;
				CLANG_CXX_LANGUAGE_STANDARD = "gnu++17";
				CLANG_ENABLE_MODULES = YES;
				CLANG_ENABLE_OBJC_ARC = YES;
				CLANG_ENABLE_OBJC_WEAK = YES;
				CLANG_WARN_BLOCK_CAPTURE_AUTORELEASING = YES;
				CLANG_WARN_BOOL_CONVERSION = YES;
				CLANG_WARN_COMMA = YES;
				CLANG_WARN_CONSTANT_CONVERSION = YES;
				CLANG_WARN_DEPRECATED_OBJC_IMPLEMENTATIONS = YES;
				CLANG_WARN_DIRECT_OBJC_ISA_USAGE = YES_ERROR;
				CLANG_WARN_DOCUMENTATION_COMMENTS = YES;
				CLANG_WARN_EMPTY_BODY = YES;
				CLANG_WARN_ENUM_CONVERSION = YES;
				CLANG_WARN_INFINITE_RECURSION = YES;
				CLANG_WARN_INT_CONVERSION = YES;
				CLANG_WARN_NON_LITERAL_NULL_CONVERSION = YES;
				CLANG_WARN_OBJC_IMPLICIT_RETAIN_SELF = YES;
				CLANG_WARN_OBJC_LITERAL_CONVERSION = YES;
				CLANG_WARN_OBJC_ROOT_CLASS = YES_ERROR;
				CLANG_WARN_QUOTED_INCLUDE_IN_FRAMEWORK_HEADER = YES;
				CLANG_WARN_RANGE_LOOP_ANALYSIS = YES;
				CLANG_WARN_STRICT_PROTOTYPES = YES;
				CLANG_WARN_SUSPICIOUS_MOVE = YES;
				CLANG_WARN_UNGUARDED_AVAILABILITY = YES_AGGRESSIVE;
				CLANG_WARN_UNREACHABLE_CODE = YES;
				CLANG_WARN__DUPLICATE_METHOD_MATCH = YES;
				COPY_PHASE_STRIP = NO;
				DEBUG_INFORMATION_FORMAT = "dwarf-with-dsym";
				ENABLE_NS_ASSERTIONS = NO;
				ENABLE_STRICT_OBJC_MSGSEND = YES;
				GCC_C_LANGUAGE_STANDARD = gnu11;
				GCC_NO_COMMON_BLOCKS = YES;
				GCC_WARN_64_TO_32_BIT_CONVERSION = YES;
				GCC_WARN_ABOUT_RETURN_TYPE = YES_ERROR;
				GCC_WARN_UNDECLARED_SELECTOR = YES;
				GCC_WARN_UNINITIALIZED_AUTOS = YES_AGGRESSIVE;
				GCC_WARN_UNUSED_FUNCTION = YES;
				GCC_WARN_UNUSED_VARIABLE = YES;
				IPHONEOS_DEPLOYMENT_TARGET = 15.5;
				MTL_ENABLE_DEBUG_INFO = NO;
				MTL_FAST_MATH = YES;
				SDKROOT = iphoneos;
				SWIFT_COMPILATION_MODE = wholemodule;
				SWIFT_OPTIMIZATION_LEVEL = "-O";
				VALIDATE_PRODUCT = YES;
			};
			name = Release;
		};
		FD4CCA172A30483900CA7581 /* Debug */ = {
			isa = XCBuildConfiguration;
			buildSettings = {
				ASSETCATALOG_COMPILER_APPICON_NAME = AppIcon;
				ASSETCATALOG_COMPILER_GLOBAL_ACCENT_COLOR_NAME = AccentColor;
				CODE_SIGN_STYLE = Automatic;
				CURRENT_PROJECT_VERSION = 1;
				GENERATE_INFOPLIST_FILE = YES;
				INFOPLIST_FILE = Coinage/Info.plist;
				INFOPLIST_KEY_UIApplicationSupportsIndirectInputEvents = YES;
				INFOPLIST_KEY_UILaunchStoryboardName = LaunchScreen;
				INFOPLIST_KEY_UIMainStoryboardFile = Main;
				INFOPLIST_KEY_UISupportedInterfaceOrientations_iPad = "UIInterfaceOrientationPortrait UIInterfaceOrientationPortraitUpsideDown UIInterfaceOrientationLandscapeLeft UIInterfaceOrientationLandscapeRight";
				INFOPLIST_KEY_UISupportedInterfaceOrientations_iPhone = "UIInterfaceOrientationPortrait UIInterfaceOrientationLandscapeLeft UIInterfaceOrientationLandscapeRight";
				LD_RUNPATH_SEARCH_PATHS = (
					"$(inherited)",
					"@executable_path/Frameworks",
				);
				MARKETING_VERSION = 1.0;
				PRODUCT_BUNDLE_IDENTIFIER = com.cognizant.Coinage;
				PRODUCT_NAME = "$(TARGET_NAME)";
				SWIFT_EMIT_LOC_STRINGS = YES;
				SWIFT_VERSION = 5.0;
				TARGETED_DEVICE_FAMILY = "1,2";
			};
			name = Debug;
		};
		FD4CCA182A30483900CA7581 /* Release */ = {
			isa = XCBuildConfiguration;
			buildSettings = {
				ASSETCATALOG_COMPILER_APPICON_NAME = AppIcon;
				ASSETCATALOG_COMPILER_GLOBAL_ACCENT_COLOR_NAME = AccentColor;
				CODE_SIGN_STYLE = Automatic;
				CURRENT_PROJECT_VERSION = 1;
				GENERATE_INFOPLIST_FILE = YES;
				INFOPLIST_FILE = Coinage/Info.plist;
				INFOPLIST_KEY_UIApplicationSupportsIndirectInputEvents = YES;
				INFOPLIST_KEY_UILaunchStoryboardName = LaunchScreen;
				INFOPLIST_KEY_UIMainStoryboardFile = Main;
				INFOPLIST_KEY_UISupportedInterfaceOrientations_iPad = "UIInterfaceOrientationPortrait UIInterfaceOrientationPortraitUpsideDown UIInterfaceOrientationLandscapeLeft UIInterfaceOrientationLandscapeRight";
				INFOPLIST_KEY_UISupportedInterfaceOrientations_iPhone = "UIInterfaceOrientationPortrait UIInterfaceOrientationLandscapeLeft UIInterfaceOrientationLandscapeRight";
				LD_RUNPATH_SEARCH_PATHS = (
					"$(inherited)",
					"@executable_path/Frameworks",
				);
				MARKETING_VERSION = 1.0;
				PRODUCT_BUNDLE_IDENTIFIER = com.cognizant.Coinage;
				PRODUCT_NAME = "$(TARGET_NAME)";
				SWIFT_EMIT_LOC_STRINGS = YES;
				SWIFT_VERSION = 5.0;
				TARGETED_DEVICE_FAMILY = "1,2";
			};
			name = Release;
		};
/* End XCBuildConfiguration section */

/* Begin XCConfigurationList section */
		FD4CC9FA2A30483800CA7581 /* Build configuration list for PBXProject "Coinage" */ = {
			isa = XCConfigurationList;
			buildConfigurations = (
				FD4CCA142A30483900CA7581 /* Debug */,
				FD4CCA152A30483900CA7581 /* Release */,
			);
			defaultConfigurationIsVisible = 0;
			defaultConfigurationName = Release;
		};
		FD4CCA162A30483900CA7581 /* Build configuration list for PBXNativeTarget "Coinage" */ = {
			isa = XCConfigurationList;
			buildConfigurations = (
				FD4CCA172A30483900CA7581 /* Debug */,
				FD4CCA182A30483900CA7581 /* Release */,
			);
			defaultConfigurationIsVisible = 0;
			defaultConfigurationName = Release;
		};
/* End XCConfigurationList section */

/* Begin XCVersionGroup section */
		FD4CCA0B2A30483800CA7581 /* Coinage.xcdatamodeld */ = {
			isa = XCVersionGroup;
			children = (
				FD4CCA0C2A30483800CA7581 /* Coinage.xcdatamodel */,
			);
			currentVersion = FD4CCA0C2A30483800CA7581 /* Coinage.xcdatamodel */;
			path = Coinage.xcdatamodeld;
			sourceTree = "<group>";
			versionGroupType = wrapper.xcdatamodel;
		};
/* End XCVersionGroup section */
	};
	rootObject = FD4CC9F72A30483800CA7581 /* Project object */;
}
