// !$*UTF8*$!
{
	archiveVersion = 1;
	classes = {
	};
	objectVersion = 55;
	objects = {

/* Begin PBXBuildFile section */
		1C3C45A72A3867ED00187EE7 /* HistoryVC.swift in Sources */ = {isa = PBXBuildFile; fileRef = 1C3C45A62A3867ED00187EE7 /* HistoryVC.swift */; };
		1C3C45A92A38682900187EE7 /* HistoryCell.swift in Sources */ = {isa = PBXBuildFile; fileRef = 1C3C45A82A38682900187EE7 /* HistoryCell.swift */; };
		1C6DF0312A397B570034E503 /* CountryServerUtility.swift in Sources */ = {isa = PBXBuildFile; fileRef = 1C6DF0302A397B570034E503 /* CountryServerUtility.swift */; };
		1C8A726C2A4167D700BDFABB /* Sme2.storyboard in Resources */ = {isa = PBXBuildFile; fileRef = 1C8A726A2A4167D700BDFABB /* Sme2.storyboard */; };
		1C97F6022A3730F6006C0EEC /* Utility.swift in Sources */ = {isa = PBXBuildFile; fileRef = 1C97F6012A3730F6006C0EEC /* Utility.swift */; };
		1CEEA1642A31C47E00E8DC7F /* AppDelegate.swift in Sources */ = {isa = PBXBuildFile; fileRef = 1CEEA1632A31C47E00E8DC7F /* AppDelegate.swift */; };
		1CEEA1662A31C47E00E8DC7F /* SceneDelegate.swift in Sources */ = {isa = PBXBuildFile; fileRef = 1CEEA1652A31C47E00E8DC7F /* SceneDelegate.swift */; };
		1CEEA1682A31C47E00E8DC7F /* ViewController.swift in Sources */ = {isa = PBXBuildFile; fileRef = 1CEEA1672A31C47E00E8DC7F /* ViewController.swift */; };
		1CEEA16B2A31C47E00E8DC7F /* Main.storyboard in Resources */ = {isa = PBXBuildFile; fileRef = 1CEEA1692A31C47E00E8DC7F /* Main.storyboard */; };
		1CEEA16E2A31C47E00E8DC7F /* SME_Project.xcdatamodeld in Sources */ = {isa = PBXBuildFile; fileRef = 1CEEA16C2A31C47E00E8DC7F /* SME_Project.xcdatamodeld */; };
		1CEEA1702A31C47F00E8DC7F /* Assets.xcassets in Resources */ = {isa = PBXBuildFile; fileRef = 1CEEA16F2A31C47F00E8DC7F /* Assets.xcassets */; };
		1CEEA1732A31C47F00E8DC7F /* LaunchScreen.storyboard in Resources */ = {isa = PBXBuildFile; fileRef = 1CEEA1712A31C47F00E8DC7F /* LaunchScreen.storyboard */; };
		1CEEA17C2A31F3BF00E8DC7F /* CurrencyUtility.swift in Sources */ = {isa = PBXBuildFile; fileRef = 1CEEA17B2A31F3BF00E8DC7F /* CurrencyUtility.swift */; };
		1CF456752A42BE170029FB4A /* FirstScreenVC.swift in Sources */ = {isa = PBXBuildFile; fileRef = 1CF456742A42BE170029FB4A /* FirstScreenVC.swift */; };
		1CF456772A42C1270029FB4A /* FromCell.swift in Sources */ = {isa = PBXBuildFile; fileRef = 1CF456762A42C1270029FB4A /* FromCell.swift */; };
		1CF456792A42C1460029FB4A /* ToCell.swift in Sources */ = {isa = PBXBuildFile; fileRef = 1CF456782A42C1460029FB4A /* ToCell.swift */; };
		F178F3512A3883E700003B99 /* FromTableViewCell.swift in Sources */ = {isa = PBXBuildFile; fileRef = F178F3502A3883E700003B99 /* FromTableViewCell.swift */; };
		F178F3532A3883F300003B99 /* ToTableViewCell.swift in Sources */ = {isa = PBXBuildFile; fileRef = F178F3522A3883F300003B99 /* ToTableViewCell.swift */; };
		F178F3552A3884A000003B99 /* CountryUtility.swift in Sources */ = {isa = PBXBuildFile; fileRef = F178F3542A3884A000003B99 /* CountryUtility.swift */; };
		F178F3572A3884C000003B99 /* TableViewController.swift in Sources */ = {isa = PBXBuildFile; fileRef = F178F3562A3884C000003B99 /* TableViewController.swift */; };
		F1D945B02A31C72C0047692A /* CurrencyRatesViewController.swift in Sources */ = {isa = PBXBuildFile; fileRef = F1D945AF2A31C72C0047692A /* CurrencyRatesViewController.swift */; };
/* End PBXBuildFile section */

/* Begin PBXFileReference section */
		1C3C45A62A3867ED00187EE7 /* HistoryVC.swift */ = {isa = PBXFileReference; lastKnownFileType = sourcecode.swift; path = HistoryVC.swift; sourceTree = "<group>"; };
		1C3C45A82A38682900187EE7 /* HistoryCell.swift */ = {isa = PBXFileReference; lastKnownFileType = sourcecode.swift; path = HistoryCell.swift; sourceTree = "<group>"; };
		1C6DF0302A397B570034E503 /* CountryServerUtility.swift */ = {isa = PBXFileReference; lastKnownFileType = sourcecode.swift; path = CountryServerUtility.swift; sourceTree = "<group>"; };
		1C8A726B2A4167D700BDFABB /* Base */ = {isa = PBXFileReference; lastKnownFileType = file.storyboard; name = Base; path = SME_Project/View/Base.lproj/Sme2.storyboard; sourceTree = "<group>"; };
		1C97F6012A3730F6006C0EEC /* Utility.swift */ = {isa = PBXFileReference; lastKnownFileType = sourcecode.swift; path = Utility.swift; sourceTree = "<group>"; };
		1CEEA1602A31C47E00E8DC7F /* SME_Project.app */ = {isa = PBXFileReference; explicitFileType = wrapper.application; includeInIndex = 0; path = SME_Project.app; sourceTree = BUILT_PRODUCTS_DIR; };
		1CEEA1632A31C47E00E8DC7F /* AppDelegate.swift */ = {isa = PBXFileReference; lastKnownFileType = sourcecode.swift; path = AppDelegate.swift; sourceTree = "<group>"; };
		1CEEA1652A31C47E00E8DC7F /* SceneDelegate.swift */ = {isa = PBXFileReference; lastKnownFileType = sourcecode.swift; path = SceneDelegate.swift; sourceTree = "<group>"; };
		1CEEA1672A31C47E00E8DC7F /* ViewController.swift */ = {isa = PBXFileReference; lastKnownFileType = sourcecode.swift; path = ViewController.swift; sourceTree = "<group>"; };
		1CEEA16A2A31C47E00E8DC7F /* Base */ = {isa = PBXFileReference; lastKnownFileType = file.storyboard; name = Base; path = Base.lproj/Main.storyboard; sourceTree = "<group>"; };
		1CEEA16D2A31C47E00E8DC7F /* SME_Project.xcdatamodel */ = {isa = PBXFileReference; lastKnownFileType = wrapper.xcdatamodel; path = SME_Project.xcdatamodel; sourceTree = "<group>"; };
		1CEEA16F2A31C47F00E8DC7F /* Assets.xcassets */ = {isa = PBXFileReference; lastKnownFileType = folder.assetcatalog; path = Assets.xcassets; sourceTree = "<group>"; };
		1CEEA1722A31C47F00E8DC7F /* Base */ = {isa = PBXFileReference; lastKnownFileType = file.storyboard; name = Base; path = Base.lproj/LaunchScreen.storyboard; sourceTree = "<group>"; };
		1CEEA1742A31C47F00E8DC7F /* Info.plist */ = {isa = PBXFileReference; lastKnownFileType = text.plist.xml; path = Info.plist; sourceTree = "<group>"; };
		1CEEA17B2A31F3BF00E8DC7F /* CurrencyUtility.swift */ = {isa = PBXFileReference; lastKnownFileType = sourcecode.swift; path = CurrencyUtility.swift; sourceTree = "<group>"; };
		1CF456742A42BE170029FB4A /* FirstScreenVC.swift */ = {isa = PBXFileReference; lastKnownFileType = sourcecode.swift; path = FirstScreenVC.swift; sourceTree = "<group>"; };
		1CF456762A42C1270029FB4A /* FromCell.swift */ = {isa = PBXFileReference; lastKnownFileType = sourcecode.swift; path = FromCell.swift; sourceTree = "<group>"; };
		1CF456782A42C1460029FB4A /* ToCell.swift */ = {isa = PBXFileReference; lastKnownFileType = sourcecode.swift; path = ToCell.swift; sourceTree = "<group>"; };
		F178F3502A3883E700003B99 /* FromTableViewCell.swift */ = {isa = PBXFileReference; lastKnownFileType = sourcecode.swift; path = FromTableViewCell.swift; sourceTree = "<group>"; };
		F178F3522A3883F300003B99 /* ToTableViewCell.swift */ = {isa = PBXFileReference; lastKnownFileType = sourcecode.swift; path = ToTableViewCell.swift; sourceTree = "<group>"; };
		F178F3542A3884A000003B99 /* CountryUtility.swift */ = {isa = PBXFileReference; lastKnownFileType = sourcecode.swift; path = CountryUtility.swift; sourceTree = "<group>"; };
		F178F3562A3884C000003B99 /* TableViewController.swift */ = {isa = PBXFileReference; lastKnownFileType = sourcecode.swift; path = TableViewController.swift; sourceTree = "<group>"; };
		F1D945AF2A31C72C0047692A /* CurrencyRatesViewController.swift */ = {isa = PBXFileReference; lastKnownFileType = sourcecode.swift; path = CurrencyRatesViewController.swift; sourceTree = "<group>"; };
/* End PBXFileReference section */

/* Begin PBXFrameworksBuildPhase section */
		1CEEA15D2A31C47E00E8DC7F /* Frameworks */ = {
			isa = PBXFrameworksBuildPhase;
			buildActionMask = 2147483647;
			files = (
			);
			runOnlyForDeploymentPostprocessing = 0;
		};
/* End PBXFrameworksBuildPhase section */

/* Begin PBXGroup section */
		1CB484FD2A333973006A2590 /* View */ = {
			isa = PBXGroup;
			children = (
				1C3C45A62A3867ED00187EE7 /* HistoryVC.swift */,
				1CEEA1672A31C47E00E8DC7F /* ViewController.swift */,
				F1D945AF2A31C72C0047692A /* CurrencyRatesViewController.swift */,
				1CEEA1692A31C47E00E8DC7F /* Main.storyboard */,
				1CF456782A42C1460029FB4A /* ToCell.swift */,
				1CEEA1712A31C47F00E8DC7F /* LaunchScreen.storyboard */,
			);
			path = View;
			sourceTree = "<group>";
		};
		1CB484FE2A3339E8006A2590 /* ViewModel */ = {
			isa = PBXGroup;
			children = (
				1CEEA16C2A31C47E00E8DC7F /* SME_Project.xcdatamodeld */,
			);
			path = ViewModel;
			sourceTree = "<group>";
		};
		1CEEA1572A31C47E00E8DC7F = {
			isa = PBXGroup;
			children = (
				1C8A726A2A4167D700BDFABB /* Sme2.storyboard */,
				1CEEA1622A31C47E00E8DC7F /* SME_Project */,
				1CEEA1612A31C47E00E8DC7F /* Products */,
			);
			sourceTree = "<group>";
		};
		1CEEA1612A31C47E00E8DC7F /* Products */ = {
			isa = PBXGroup;
			children = (
				1CEEA1602A31C47E00E8DC7F /* SME_Project.app */,
			);
			name = Products;
			sourceTree = "<group>";
		};
		1CEEA1622A31C47E00E8DC7F /* SME_Project */ = {
			isa = PBXGroup;
			children = (
				1CEEA17A2A31F38700E8DC7F /* Model */,
				1CB484FD2A333973006A2590 /* View */,
				1CB484FE2A3339E8006A2590 /* ViewModel */,
				1CEEA1742A31C47F00E8DC7F /* Info.plist */,
				F178F3562A3884C000003B99 /* TableViewController.swift */,
				F178F3502A3883E700003B99 /* FromTableViewCell.swift */,
				F178F3522A3883F300003B99 /* ToTableViewCell.swift */,
			);
			path = SME_Project;
			sourceTree = "<group>";
		};
		1CEEA17A2A31F38700E8DC7F /* Model */ = {
			isa = PBXGroup;
			children = (
				1CF456742A42BE170029FB4A /* FirstScreenVC.swift */,
				1CF456762A42C1270029FB4A /* FromCell.swift */,
				1CEEA1632A31C47E00E8DC7F /* AppDelegate.swift */,
				1CEEA1652A31C47E00E8DC7F /* SceneDelegate.swift */,
				1CEEA16F2A31C47F00E8DC7F /* Assets.xcassets */,
				1C3C45A82A38682900187EE7 /* HistoryCell.swift */,
				1CEEA17B2A31F3BF00E8DC7F /* CurrencyUtility.swift */,
				F178F3542A3884A000003B99 /* CountryUtility.swift */,
				1C97F6012A3730F6006C0EEC /* Utility.swift */,
				1C6DF0302A397B570034E503 /* CountryServerUtility.swift */,
			);
			path = Model;
			sourceTree = "<group>";
		};
/* End PBXGroup section */

/* Begin PBXNativeTarget section */
		1CEEA15F2A31C47E00E8DC7F /* SME_Project */ = {
			isa = PBXNativeTarget;
			buildConfigurationList = 1CEEA1772A31C47F00E8DC7F /* Build configuration list for PBXNativeTarget "SME_Project" */;
			buildPhases = (
				1CEEA15C2A31C47E00E8DC7F /* Sources */,
				1CEEA15D2A31C47E00E8DC7F /* Frameworks */,
				1CEEA15E2A31C47E00E8DC7F /* Resources */,
			);
			buildRules = (
			);
			dependencies = (
			);
			name = SME_Project;
			productName = SME_Project;
			productReference = 1CEEA1602A31C47E00E8DC7F /* SME_Project.app */;
			productType = "com.apple.product-type.application";
		};
/* End PBXNativeTarget section */

/* Begin PBXProject section */
		1CEEA1582A31C47E00E8DC7F /* Project object */ = {
			isa = PBXProject;
			attributes = {
				BuildIndependentTargetsInParallel = 1;
				LastSwiftUpdateCheck = 1420;
				LastUpgradeCheck = 1420;
				TargetAttributes = {
					1CEEA15F2A31C47E00E8DC7F = {
						CreatedOnToolsVersion = 14.2;
					};
				};
			};
			buildConfigurationList = 1CEEA15B2A31C47E00E8DC7F /* Build configuration list for PBXProject "SME_Project" */;
			compatibilityVersion = "Xcode 13.0";
			developmentRegion = en;
			hasScannedForEncodings = 0;
			knownRegions = (
				en,
				Base,
			);
			mainGroup = 1CEEA1572A31C47E00E8DC7F;
			productRefGroup = 1CEEA1612A31C47E00E8DC7F /* Products */;
			projectDirPath = "";
			projectRoot = "";
			targets = (
				1CEEA15F2A31C47E00E8DC7F /* SME_Project */,
			);
		};
/* End PBXProject section */

/* Begin PBXResourcesBuildPhase section */
		1CEEA15E2A31C47E00E8DC7F /* Resources */ = {
			isa = PBXResourcesBuildPhase;
			buildActionMask = 2147483647;
			files = (
				1CEEA1732A31C47F00E8DC7F /* LaunchScreen.storyboard in Resources */,
				1C8A726C2A4167D700BDFABB /* Sme2.storyboard in Resources */,
				1CEEA1702A31C47F00E8DC7F /* Assets.xcassets in Resources */,
				1CEEA16B2A31C47E00E8DC7F /* Main.storyboard in Resources */,
			);
			runOnlyForDeploymentPostprocessing = 0;
		};
/* End PBXResourcesBuildPhase section */

/* Begin PBXSourcesBuildPhase section */
		1CEEA15C2A31C47E00E8DC7F /* Sources */ = {
			isa = PBXSourcesBuildPhase;
			buildActionMask = 2147483647;
			files = (
				1C97F6022A3730F6006C0EEC /* Utility.swift in Sources */,
				F178F3532A3883F300003B99 /* ToTableViewCell.swift in Sources */,
				F178F3572A3884C000003B99 /* TableViewController.swift in Sources */,
				1CEEA1682A31C47E00E8DC7F /* ViewController.swift in Sources */,
				F1D945B02A31C72C0047692A /* CurrencyRatesViewController.swift in Sources */,
				1C3C45A92A38682900187EE7 /* HistoryCell.swift in Sources */,
				1CEEA1642A31C47E00E8DC7F /* AppDelegate.swift in Sources */,
				F178F3512A3883E700003B99 /* FromTableViewCell.swift in Sources */,
				1CEEA17C2A31F3BF00E8DC7F /* CurrencyUtility.swift in Sources */,
				1C3C45A72A3867ED00187EE7 /* HistoryVC.swift in Sources */,
				1CF456752A42BE170029FB4A /* FirstScreenVC.swift in Sources */,
				1CEEA1662A31C47E00E8DC7F /* SceneDelegate.swift in Sources */,
				1C6DF0312A397B570034E503 /* CountryServerUtility.swift in Sources */,
				1CF456792A42C1460029FB4A /* ToCell.swift in Sources */,
				1CF456772A42C1270029FB4A /* FromCell.swift in Sources */,
				1CEEA16E2A31C47E00E8DC7F /* SME_Project.xcdatamodeld in Sources */,
				F178F3552A3884A000003B99 /* CountryUtility.swift in Sources */,
			);
			runOnlyForDeploymentPostprocessing = 0;
		};
/* End PBXSourcesBuildPhase section */

/* Begin PBXVariantGroup section */
		1C8A726A2A4167D700BDFABB /* Sme2.storyboard */ = {
			isa = PBXVariantGroup;
			children = (
				1C8A726B2A4167D700BDFABB /* Base */,
			);
			name = Sme2.storyboard;
			sourceTree = "<group>";
		};
		1CEEA1692A31C47E00E8DC7F /* Main.storyboard */ = {
			isa = PBXVariantGroup;
			children = (
				1CEEA16A2A31C47E00E8DC7F /* Base */,
			);
			name = Main.storyboard;
			sourceTree = "<group>";
		};
		1CEEA1712A31C47F00E8DC7F /* LaunchScreen.storyboard */ = {
			isa = PBXVariantGroup;
			children = (
				1CEEA1722A31C47F00E8DC7F /* Base */,
			);
			name = LaunchScreen.storyboard;
			sourceTree = "<group>";
		};
/* End PBXVariantGroup section */

/* Begin XCBuildConfiguration section */
		1CEEA1752A31C47F00E8DC7F /* Debug */ = {
			isa = XCBuildConfiguration;
			buildSettings = {
				ALWAYS_SEARCH_USER_PATHS = NO;
				CLANG_ANALYZER_NONNULL = YES;
				CLANG_ANALYZER_NUMBER_OBJECT_CONVERSION = YES_AGGRESSIVE;
				CLANG_CXX_LANGUAGE_STANDARD = "gnu++20";
				CLANG_ENABLE_MODULES = YES;
				CLANG_ENABLE_OBJC_ARC = YES;
				CLANG_ENABLE_OBJC_WEAK = YES;
				CLANG_WARN_BLOCK_CAPTURE_AUTORELEASING = YES;
				CLANG_WARN_BOOL_CONVERSION = YES;
				CLANG_WARN_COMMA = YES;
				CLANG_WARN_CONSTANT_CONVERSION = YES;
				CLANG_WARN_DEPRECATED_OBJC_IMPLEMENTATIONS = YES;
				CLANG_WARN_DIRECT_OBJC_ISA_USAGE = YES_ERROR;
				CLANG_WARN_DOCUMENTATION_COMMENTS = YES;
				CLANG_WARN_EMPTY_BODY = YES;
				CLANG_WARN_ENUM_CONVERSION = YES;
				CLANG_WARN_INFINITE_RECURSION = YES;
				CLANG_WARN_INT_CONVERSION = YES;
				CLANG_WARN_NON_LITERAL_NULL_CONVERSION = YES;
				CLANG_WARN_OBJC_IMPLICIT_RETAIN_SELF = YES;
				CLANG_WARN_OBJC_LITERAL_CONVERSION = YES;
				CLANG_WARN_OBJC_ROOT_CLASS = YES_ERROR;
				CLANG_WARN_QUOTED_INCLUDE_IN_FRAMEWORK_HEADER = YES;
				CLANG_WARN_RANGE_LOOP_ANALYSIS = YES;
				CLANG_WARN_STRICT_PROTOTYPES = YES;
				CLANG_WARN_SUSPICIOUS_MOVE = YES;
				CLANG_WARN_UNGUARDED_AVAILABILITY = YES_AGGRESSIVE;
				CLANG_WARN_UNREACHABLE_CODE = YES;
				CLANG_WARN__DUPLICATE_METHOD_MATCH = YES;
				COPY_PHASE_STRIP = NO;
				DEBUG_INFORMATION_FORMAT = dwarf;
				ENABLE_STRICT_OBJC_MSGSEND = YES;
				ENABLE_TESTABILITY = YES;
				GCC_C_LANGUAGE_STANDARD = gnu11;
				GCC_DYNAMIC_NO_PIC = NO;
				GCC_NO_COMMON_BLOCKS = YES;
				GCC_OPTIMIZATION_LEVEL = 0;
				GCC_PREPROCESSOR_DEFINITIONS = (
					"DEBUG=1",
					"$(inherited)",
				);
				GCC_WARN_64_TO_32_BIT_CONVERSION = YES;
				GCC_WARN_ABOUT_RETURN_TYPE = YES_ERROR;
				GCC_WARN_UNDECLARED_SELECTOR = YES;
				GCC_WARN_UNINITIALIZED_AUTOS = YES_AGGRESSIVE;
				GCC_WARN_UNUSED_FUNCTION = YES;
				GCC_WARN_UNUSED_VARIABLE = YES;
				IPHONEOS_DEPLOYMENT_TARGET = 16.2;
				MTL_ENABLE_DEBUG_INFO = INCLUDE_SOURCE;
				MTL_FAST_MATH = YES;
				ONLY_ACTIVE_ARCH = YES;
				SDKROOT = iphoneos;
				SWIFT_ACTIVE_COMPILATION_CONDITIONS = DEBUG;
				SWIFT_OPTIMIZATION_LEVEL = "-Onone";
			};
			name = Debug;
		};
		1CEEA1762A31C47F00E8DC7F /* Release */ = {
			isa = XCBuildConfiguration;
			buildSettings = {
				ALWAYS_SEARCH_USER_PATHS = NO;
				CLANG_ANALYZER_NONNULL = YES;
				CLANG_ANALYZER_NUMBER_OBJECT_CONVERSION = YES_AGGRESSIVE;
				CLANG_CXX_LANGUAGE_STANDARD = "gnu++20";
				CLANG_ENABLE_MODULES = YES;
				CLANG_ENABLE_OBJC_ARC = YES;
				CLANG_ENABLE_OBJC_WEAK = YES;
				CLANG_WARN_BLOCK_CAPTURE_AUTORELEASING = YES;
				CLANG_WARN_BOOL_CONVERSION = YES;
				CLANG_WARN_COMMA = YES;
				CLANG_WARN_CONSTANT_CONVERSION = YES;
				CLANG_WARN_DEPRECATED_OBJC_IMPLEMENTATIONS = YES;
				CLANG_WARN_DIRECT_OBJC_ISA_USAGE = YES_ERROR;
				CLANG_WARN_DOCUMENTATION_COMMENTS = YES;
				CLANG_WARN_EMPTY_BODY = YES;
				CLANG_WARN_ENUM_CONVERSION = YES;
				CLANG_WARN_INFINITE_RECURSION = YES;
				CLANG_WARN_INT_CONVERSION = YES;
				CLANG_WARN_NON_LITERAL_NULL_CONVERSION = YES;
				CLANG_WARN_OBJC_IMPLICIT_RETAIN_SELF = YES;
				CLANG_WARN_OBJC_LITERAL_CONVERSION = YES;
				CLANG_WARN_OBJC_ROOT_CLASS = YES_ERROR;
				CLANG_WARN_QUOTED_INCLUDE_IN_FRAMEWORK_HEADER = YES;
				CLANG_WARN_RANGE_LOOP_ANALYSIS = YES;
				CLANG_WARN_STRICT_PROTOTYPES = YES;
				CLANG_WARN_SUSPICIOUS_MOVE = YES;
				CLANG_WARN_UNGUARDED_AVAILABILITY = YES_AGGRESSIVE;
				CLANG_WARN_UNREACHABLE_CODE = YES;
				CLANG_WARN__DUPLICATE_METHOD_MATCH = YES;
				COPY_PHASE_STRIP = NO;
				DEBUG_INFORMATION_FORMAT = "dwarf-with-dsym";
				ENABLE_NS_ASSERTIONS = NO;
				ENABLE_STRICT_OBJC_MSGSEND = YES;
				GCC_C_LANGUAGE_STANDARD = gnu11;
				GCC_NO_COMMON_BLOCKS = YES;
				GCC_WARN_64_TO_32_BIT_CONVERSION = YES;
				GCC_WARN_ABOUT_RETURN_TYPE = YES_ERROR;
				GCC_WARN_UNDECLARED_SELECTOR = YES;
				GCC_WARN_UNINITIALIZED_AUTOS = YES_AGGRESSIVE;
				GCC_WARN_UNUSED_FUNCTION = YES;
				GCC_WARN_UNUSED_VARIABLE = YES;
				IPHONEOS_DEPLOYMENT_TARGET = 16.2;
				MTL_ENABLE_DEBUG_INFO = NO;
				MTL_FAST_MATH = YES;
				SDKROOT = iphoneos;
				SWIFT_COMPILATION_MODE = wholemodule;
				SWIFT_OPTIMIZATION_LEVEL = "-O";
				VALIDATE_PRODUCT = YES;
			};
			name = Release;
		};
		1CEEA1782A31C47F00E8DC7F /* Debug */ = {
			isa = XCBuildConfiguration;
			buildSettings = {
				ASSETCATALOG_COMPILER_APPICON_NAME = AppIcon;
				ASSETCATALOG_COMPILER_GLOBAL_ACCENT_COLOR_NAME = AccentColor;
				CODE_SIGN_STYLE = Automatic;
				CURRENT_PROJECT_VERSION = 1;
				GENERATE_INFOPLIST_FILE = YES;
				INFOPLIST_FILE = SME_Project/Info.plist;
				INFOPLIST_KEY_UIApplicationSupportsIndirectInputEvents = YES;
				INFOPLIST_KEY_UILaunchStoryboardName = LaunchScreen;
				INFOPLIST_KEY_UIMainStoryboardFile = Main;
				INFOPLIST_KEY_UISupportedInterfaceOrientations = "UIInterfaceOrientationLandscapeLeft UIInterfaceOrientationLandscapeRight UIInterfaceOrientationPortrait UIInterfaceOrientationPortraitUpsideDown";
				IPHONEOS_DEPLOYMENT_TARGET = 13.0;
				LD_RUNPATH_SEARCH_PATHS = (
					"$(inherited)",
					"@executable_path/Frameworks",
				);
				MARKETING_VERSION = 1.0;
				PRODUCT_BUNDLE_IDENTIFIER = "com.cognizant.SME-Project";
				PRODUCT_NAME = "$(TARGET_NAME)";
				SUPPORTED_PLATFORMS = "iphoneos iphonesimulator";
				SUPPORTS_MACCATALYST = NO;
				SUPPORTS_MAC_DESIGNED_FOR_IPHONE_IPAD = NO;
				SWIFT_EMIT_LOC_STRINGS = YES;
				SWIFT_VERSION = 5.0;
				TARGETED_DEVICE_FAMILY = "1,2";
			};
			name = Debug;
		};
		1CEEA1792A31C47F00E8DC7F /* Release */ = {
			isa = XCBuildConfiguration;
			buildSettings = {
				ASSETCATALOG_COMPILER_APPICON_NAME = AppIcon;
				ASSETCATALOG_COMPILER_GLOBAL_ACCENT_COLOR_NAME = AccentColor;
				CODE_SIGN_STYLE = Automatic;
				CURRENT_PROJECT_VERSION = 1;
				GENERATE_INFOPLIST_FILE = YES;
				INFOPLIST_FILE = SME_Project/Info.plist;
				INFOPLIST_KEY_UIApplicationSupportsIndirectInputEvents = YES;
				INFOPLIST_KEY_UILaunchStoryboardName = LaunchScreen;
				INFOPLIST_KEY_UIMainStoryboardFile = Main;
				INFOPLIST_KEY_UISupportedInterfaceOrientations = "UIInterfaceOrientationLandscapeLeft UIInterfaceOrientationLandscapeRight UIInterfaceOrientationPortrait UIInterfaceOrientationPortraitUpsideDown";
				IPHONEOS_DEPLOYMENT_TARGET = 13.0;
				LD_RUNPATH_SEARCH_PATHS = (
					"$(inherited)",
					"@executable_path/Frameworks",
				);
				MARKETING_VERSION = 1.0;
				PRODUCT_BUNDLE_IDENTIFIER = "com.cognizant.SME-Project";
				PRODUCT_NAME = "$(TARGET_NAME)";
				SUPPORTED_PLATFORMS = "iphoneos iphonesimulator";
				SUPPORTS_MACCATALYST = NO;
				SUPPORTS_MAC_DESIGNED_FOR_IPHONE_IPAD = NO;
				SWIFT_EMIT_LOC_STRINGS = YES;
				SWIFT_VERSION = 5.0;
				TARGETED_DEVICE_FAMILY = "1,2";
			};
			name = Release;
		};
/* End XCBuildConfiguration section */

/* Begin XCConfigurationList section */
		1CEEA15B2A31C47E00E8DC7F /* Build configuration list for PBXProject "SME_Project" */ = {
			isa = XCConfigurationList;
			buildConfigurations = (
				1CEEA1752A31C47F00E8DC7F /* Debug */,
				1CEEA1762A31C47F00E8DC7F /* Release */,
			);
			defaultConfigurationIsVisible = 0;
			defaultConfigurationName = Release;
		};
		1CEEA1772A31C47F00E8DC7F /* Build configuration list for PBXNativeTarget "SME_Project" */ = {
			isa = XCConfigurationList;
			buildConfigurations = (
				1CEEA1782A31C47F00E8DC7F /* Debug */,
				1CEEA1792A31C47F00E8DC7F /* Release */,
			);
			defaultConfigurationIsVisible = 0;
			defaultConfigurationName = Release;
		};
/* End XCConfigurationList section */

/* Begin XCVersionGroup section */
		1CEEA16C2A31C47E00E8DC7F /* SME_Project.xcdatamodeld */ = {
			isa = XCVersionGroup;
			children = (
				1CEEA16D2A31C47E00E8DC7F /* SME_Project.xcdatamodel */,
			);
			currentVersion = 1CEEA16D2A31C47E00E8DC7F /* SME_Project.xcdatamodel */;
			path = SME_Project.xcdatamodeld;
			sourceTree = "<group>";
			versionGroupType = wrapper.xcdatamodel;
		};
/* End XCVersionGroup section */
	};
	rootObject = 1CEEA1582A31C47E00E8DC7F /* Project object */;
}
